// !$*UTF8*$!
{
	archiveVersion = 1;
	classes = {
	};
	objectVersion = 46;
	objects = {

/* Begin PBXBuildFile section */
		C78DEB001BF1A56A00D7685D /* AppDelegate.swift in Sources */ = {isa = PBXBuildFile; fileRef = C78DEAFF1BF1A56A00D7685D /* AppDelegate.swift */; };
		C78DEB021BF1A56A00D7685D /* ViewController.swift in Sources */ = {isa = PBXBuildFile; fileRef = C78DEB011BF1A56A00D7685D /* ViewController.swift */; };
		C78DEB051BF1A56A00D7685D /* Main.storyboard in Resources */ = {isa = PBXBuildFile; fileRef = C78DEB031BF1A56A00D7685D /* Main.storyboard */; };
		C78DEB071BF1A56A00D7685D /* Assets.xcassets in Resources */ = {isa = PBXBuildFile; fileRef = C78DEB061BF1A56A00D7685D /* Assets.xcassets */; };
		C78DEB0A1BF1A56A00D7685D /* LaunchScreen.storyboard in Resources */ = {isa = PBXBuildFile; fileRef = C78DEB081BF1A56A00D7685D /* LaunchScreen.storyboard */; };
		C78DEB151BF1A56B00D7685D /* Balloon_AppTests.swift in Sources */ = {isa = PBXBuildFile; fileRef = C78DEB141BF1A56B00D7685D /* Balloon_AppTests.swift */; };
		C78DEB201BF1A56B00D7685D /* Balloon_AppUITests.swift in Sources */ = {isa = PBXBuildFile; fileRef = C78DEB1F1BF1A56B00D7685D /* Balloon_AppUITests.swift */; };
/* End PBXBuildFile section */

/* Begin PBXContainerItemProxy section */
		C78DEB111BF1A56B00D7685D /* PBXContainerItemProxy */ = {
			isa = PBXContainerItemProxy;
			containerPortal = C78DEAF41BF1A56A00D7685D /* Project object */;
			proxyType = 1;
			remoteGlobalIDString = C78DEAFB1BF1A56A00D7685D;
			remoteInfo = "Balloon App";
		};
		C78DEB1C1BF1A56B00D7685D /* PBXContainerItemProxy */ = {
			isa = PBXContainerItemProxy;
			containerPortal = C78DEAF41BF1A56A00D7685D /* Project object */;
			proxyType = 1;
			remoteGlobalIDString = C78DEAFB1BF1A56A00D7685D;
			remoteInfo = "Balloon App";
		};
/* End PBXContainerItemProxy section */

/* Begin PBXFileReference section */
		C78DEAFC1BF1A56A00D7685D /* Balloon App.app */ = {isa = PBXFileReference; explicitFileType = wrapper.application; includeInIndex = 0; path = "Balloon App.app"; sourceTree = BUILT_PRODUCTS_DIR; };
		C78DEAFF1BF1A56A00D7685D /* AppDelegate.swift */ = {isa = PBXFileReference; lastKnownFileType = sourcecode.swift; path = AppDelegate.swift; sourceTree = "<group>"; };
		C78DEB011BF1A56A00D7685D /* ViewController.swift */ = {isa = PBXFileReference; lastKnownFileType = sourcecode.swift; path = ViewController.swift; sourceTree = "<group>"; };
		C78DEB041BF1A56A00D7685D /* Base */ = {isa = PBXFileReference; lastKnownFileType = file.storyboard; name = Base; path = Base.lproj/Main.storyboard; sourceTree = "<group>"; };
		C78DEB061BF1A56A00D7685D /* Assets.xcassets */ = {isa = PBXFileReference; lastKnownFileType = folder.assetcatalog; path = Assets.xcassets; sourceTree = "<group>"; };
		C78DEB091BF1A56A00D7685D /* Base */ = {isa = PBXFileReference; lastKnownFileType = file.storyboard; name = Base; path = Base.lproj/LaunchScreen.storyboard; sourceTree = "<group>"; };
		C78DEB0B1BF1A56A00D7685D /* Info.plist */ = {isa = PBXFileReference; lastKnownFileType = text.plist.xml; path = Info.plist; sourceTree = "<group>"; };
		C78DEB101BF1A56B00D7685D /* Balloon AppTests.xctest */ = {isa = PBXFileReference; explicitFileType = wrapper.cfbundle; includeInIndex = 0; path = "Balloon AppTests.xctest"; sourceTree = BUILT_PRODUCTS_DIR; };
		C78DEB141BF1A56B00D7685D /* Balloon_AppTests.swift */ = {isa = PBXFileReference; lastKnownFileType = sourcecode.swift; path = Balloon_AppTests.swift; sourceTree = "<group>"; };
		C78DEB161BF1A56B00D7685D /* Info.plist */ = {isa = PBXFileReference; lastKnownFileType = text.plist.xml; path = Info.plist; sourceTree = "<group>"; };
		C78DEB1B1BF1A56B00D7685D /* Balloon AppUITests.xctest */ = {isa = PBXFileReference; explicitFileType = wrapper.cfbundle; includeInIndex = 0; path = "Balloon AppUITests.xctest"; sourceTree = BUILT_PRODUCTS_DIR; };
		C78DEB1F1BF1A56B00D7685D /* Balloon_AppUITests.swift */ = {isa = PBXFileReference; lastKnownFileType = sourcecode.swift; path = Balloon_AppUITests.swift; sourceTree = "<group>"; };
		C78DEB211BF1A56B00D7685D /* Info.plist */ = {isa = PBXFileReference; lastKnownFileType = text.plist.xml; path = Info.plist; sourceTree = "<group>"; };
/* End PBXFileReference section */

/* Begin PBXFrameworksBuildPhase section */
		C78DEAF91BF1A56A00D7685D /* Frameworks */ = {
			isa = PBXFrameworksBuildPhase;
			buildActionMask = 2147483647;
			files = (
			);
			runOnlyForDeploymentPostprocessing = 0;
		};
		C78DEB0D1BF1A56B00D7685D /* Frameworks */ = {
			isa = PBXFrameworksBuildPhase;
			buildActionMask = 2147483647;
			files = (
			);
			runOnlyForDeploymentPostprocessing = 0;
		};
		C78DEB181BF1A56B00D7685D /* Frameworks */ = {
			isa = PBXFrameworksBuildPhase;
			buildActionMask = 2147483647;
			files = (
			);
			runOnlyForDeploymentPostprocessing = 0;
		};
/* End PBXFrameworksBuildPhase section */

/* Begin PBXGroup section */
		C78DEAF31BF1A56A00D7685D = {
			isa = PBXGroup;
			children = (
				C78DEAFE1BF1A56A00D7685D /* Balloon App */,
				C78DEB131BF1A56B00D7685D /* Balloon AppTests */,
				C78DEB1E1BF1A56B00D7685D /* Balloon AppUITests */,
				C78DEAFD1BF1A56A00D7685D /* Products */,
			);
			sourceTree = "<group>";
		};
		C78DEAFD1BF1A56A00D7685D /* Products */ = {
			isa = PBXGroup;
			children = (
				C78DEAFC1BF1A56A00D7685D /* Balloon App.app */,
				C78DEB101BF1A56B00D7685D /* Balloon AppTests.xctest */,
				C78DEB1B1BF1A56B00D7685D /* Balloon AppUITests.xctest */,
			);
			name = Products;
			sourceTree = "<group>";
		};
		C78DEAFE1BF1A56A00D7685D /* Balloon App */ = {
			isa = PBXGroup;
			children = (
				C78DEAFF1BF1A56A00D7685D /* AppDelegate.swift */,
				C78DEB011BF1A56A00D7685D /* ViewController.swift */,
				C78DEB031BF1A56A00D7685D /* Main.storyboard */,
				C78DEB061BF1A56A00D7685D /* Assets.xcassets */,
				C78DEB081BF1A56A00D7685D /* LaunchScreen.storyboard */,
				C78DEB0B1BF1A56A00D7685D /* Info.plist */,
			);
			path = "Balloon App";
			sourceTree = "<group>";
		};
		C78DEB131BF1A56B00D7685D /* Balloon AppTests */ = {
			isa = PBXGroup;
			children = (
				C78DEB141BF1A56B00D7685D /* Balloon_AppTests.swift */,
				C78DEB161BF1A56B00D7685D /* Info.plist */,
			);
			path = "Balloon AppTests";
			sourceTree = "<group>";
		};
		C78DEB1E1BF1A56B00D7685D /* Balloon AppUITests */ = {
			isa = PBXGroup;
			children = (
				C78DEB1F1BF1A56B00D7685D /* Balloon_AppUITests.swift */,
				C78DEB211BF1A56B00D7685D /* Info.plist */,
			);
			path = "Balloon AppUITests";
			sourceTree = "<group>";
		};
/* End PBXGroup section */

/* Begin PBXNativeTarget section */
		C78DEAFB1BF1A56A00D7685D /* Balloon App */ = {
			isa = PBXNativeTarget;
			buildConfigurationList = C78DEB241BF1A56B00D7685D /* Build configuration list for PBXNativeTarget "Balloon App" */;
			buildPhases = (
				C78DEAF81BF1A56A00D7685D /* Sources */,
				C78DEAF91BF1A56A00D7685D /* Frameworks */,
				C78DEAFA1BF1A56A00D7685D /* Resources */,
			);
			buildRules = (
			);
			dependencies = (
			);
			name = "Balloon App";
			productName = "Balloon App";
			productReference = C78DEAFC1BF1A56A00D7685D /* Balloon App.app */;
			productType = "com.apple.product-type.application";
		};
		C78DEB0F1BF1A56B00D7685D /* Balloon AppTests */ = {
			isa = PBXNativeTarget;
			buildConfigurationList = C78DEB271BF1A56B00D7685D /* Build configuration list for PBXNativeTarget "Balloon AppTests" */;
			buildPhases = (
				C78DEB0C1BF1A56B00D7685D /* Sources */,
				C78DEB0D1BF1A56B00D7685D /* Frameworks */,
				C78DEB0E1BF1A56B00D7685D /* Resources */,
			);
			buildRules = (
			);
			dependencies = (
				C78DEB121BF1A56B00D7685D /* PBXTargetDependency */,
			);
			name = "Balloon AppTests";
			productName = "Balloon AppTests";
			productReference = C78DEB101BF1A56B00D7685D /* Balloon AppTests.xctest */;
			productType = "com.apple.product-type.bundle.unit-test";
		};
		C78DEB1A1BF1A56B00D7685D /* Balloon AppUITests */ = {
			isa = PBXNativeTarget;
			buildConfigurationList = C78DEB2A1BF1A56B00D7685D /* Build configuration list for PBXNativeTarget "Balloon AppUITests" */;
			buildPhases = (
				C78DEB171BF1A56B00D7685D /* Sources */,
				C78DEB181BF1A56B00D7685D /* Frameworks */,
				C78DEB191BF1A56B00D7685D /* Resources */,
			);
			buildRules = (
			);
			dependencies = (
				C78DEB1D1BF1A56B00D7685D /* PBXTargetDependency */,
			);
			name = "Balloon AppUITests";
			productName = "Balloon AppUITests";
			productReference = C78DEB1B1BF1A56B00D7685D /* Balloon AppUITests.xctest */;
			productType = "com.apple.product-type.bundle.ui-testing";
		};
/* End PBXNativeTarget section */

/* Begin PBXProject section */
		C78DEAF41BF1A56A00D7685D /* Project object */ = {
			isa = PBXProject;
			attributes = {
				LastUpgradeCheck = 0700;
				ORGANIZATIONNAME = "KENNETH GRANDBERRY";
				TargetAttributes = {
					C78DEAFB1BF1A56A00D7685D = {
						CreatedOnToolsVersion = 7.0;
					};
					C78DEB0F1BF1A56B00D7685D = {
						CreatedOnToolsVersion = 7.0;
						TestTargetID = C78DEAFB1BF1A56A00D7685D;
					};
					C78DEB1A1BF1A56B00D7685D = {
						CreatedOnToolsVersion = 7.0;
						TestTargetID = C78DEAFB1BF1A56A00D7685D;
					};
				};
			};
			buildConfigurationList = C78DEAF71BF1A56A00D7685D /* Build configuration list for PBXProject "Balloon App" */;
			compatibilityVersion = "Xcode 3.2";
			developmentRegion = English;
			hasScannedForEncodings = 0;
			knownRegions = (
				en,
				Base,
			);
			mainGroup = C78DEAF31BF1A56A00D7685D;
			productRefGroup = C78DEAFD1BF1A56A00D7685D /* Products */;
			projectDirPath = "";
			projectRoot = "";
			targets = (
				C78DEAFB1BF1A56A00D7685D /* Balloon App */,
				C78DEB0F1BF1A56B00D7685D /* Balloon AppTests */,
				C78DEB1A1BF1A56B00D7685D /* Balloon AppUITests */,
			);
		};
/* End PBXProject section */

/* Begin PBXResourcesBuildPhase section */
		C78DEAFA1BF1A56A00D7685D /* Resources */ = {
			isa = PBXResourcesBuildPhase;
			buildActionMask = 2147483647;
			files = (
				C78DEB0A1BF1A56A00D7685D /* LaunchScreen.storyboard in Resources */,
				C78DEB071BF1A56A00D7685D /* Assets.xcassets in Resources */,
				C78DEB051BF1A56A00D7685D /* Main.storyboard in Resources */,
			);
			runOnlyForDeploymentPostprocessing = 0;
		};
		C78DEB0E1BF1A56B00D7685D /* Resources */ = {
			isa = PBXResourcesBuildPhase;
			buildActionMask = 2147483647;
			files = (
			);
			runOnlyForDeploymentPostprocessing = 0;
		};
		C78DEB191BF1A56B00D7685D /* Resources */ = {
			isa = PBXResourcesBuildPhase;
			buildActionMask = 2147483647;
			files = (
			);
			runOnlyForDeploymentPostprocessing = 0;
		};
/* End PBXResourcesBuildPhase section */

/* Begin PBXSourcesBuildPhase section */
		C78DEAF81BF1A56A00D7685D /* Sources */ = {
			isa = PBXSourcesBuildPhase;
			buildActionMask = 2147483647;
			files = (
				C78DEB021BF1A56A00D7685D /* ViewController.swift in Sources */,
				C78DEB001BF1A56A00D7685D /* AppDelegate.swift in Sources */,
			);
			runOnlyForDeploymentPostprocessing = 0;
		};
		C78DEB0C1BF1A56B00D7685D /* Sources */ = {
			isa = PBXSourcesBuildPhase;
			buildActionMask = 2147483647;
			files = (
				C78DEB151BF1A56B00D7685D /* Balloon_AppTests.swift in Sources */,
			);
			runOnlyForDeploymentPostprocessing = 0;
		};
		C78DEB171BF1A56B00D7685D /* Sources */ = {
			isa = PBXSourcesBuildPhase;
			buildActionMask = 2147483647;
			files = (
				C78DEB201BF1A56B00D7685D /* Balloon_AppUITests.swift in Sources */,
			);
			runOnlyForDeploymentPostprocessing = 0;
		};
/* End PBXSourcesBuildPhase section */

/* Begin PBXTargetDependency section */
		C78DEB121BF1A56B00D7685D /* PBXTargetDependency */ = {
			isa = PBXTargetDependency;
			target = C78DEAFB1BF1A56A00D7685D /* Balloon App */;
			targetProxy = C78DEB111BF1A56B00D7685D /* PBXContainerItemProxy */;
		};
		C78DEB1D1BF1A56B00D7685D /* PBXTargetDependency */ = {
			isa = PBXTargetDependency;
			target = C78DEAFB1BF1A56A00D7685D /* Balloon App */;
			targetProxy = C78DEB1C1BF1A56B00D7685D /* PBXContainerItemProxy */;
		};
/* End PBXTargetDependency section */

/* Begin PBXVariantGroup section */
		C78DEB031BF1A56A00D7685D /* Main.storyboard */ = {
			isa = PBXVariantGroup;
			children = (
				C78DEB041BF1A56A00D7685D /* Base */,
			);
			name = Main.storyboard;
			sourceTree = "<group>";
		};
		C78DEB081BF1A56A00D7685D /* LaunchScreen.storyboard */ = {
			isa = PBXVariantGroup;
			children = (
				C78DEB091BF1A56A00D7685D /* Base */,
			);
			name = LaunchScreen.storyboard;
			sourceTree = "<group>";
		};
/* End PBXVariantGroup section */

/* Begin XCBuildConfiguration section */
		C78DEB221BF1A56B00D7685D /* Debug */ = {
			isa = XCBuildConfiguration;
			buildSettings = {
				ALWAYS_SEARCH_USER_PATHS = NO;
				CLANG_CXX_LANGUAGE_STANDARD = "gnu++0x";
				CLANG_CXX_LIBRARY = "libc++";
				CLANG_ENABLE_MODULES = YES;
				CLANG_ENABLE_OBJC_ARC = YES;
				CLANG_WARN_BOOL_CONVERSION = YES;
				CLANG_WARN_CONSTANT_CONVERSION = YES;
				CLANG_WARN_DIRECT_OBJC_ISA_USAGE = YES_ERROR;
				CLANG_WARN_EMPTY_BODY = YES;
				CLANG_WARN_ENUM_CONVERSION = YES;
				CLANG_WARN_INT_CONVERSION = YES;
				CLANG_WARN_OBJC_ROOT_CLASS = YES_ERROR;
				CLANG_WARN_UNREACHABLE_CODE = YES;
				CLANG_WARN__DUPLICATE_METHOD_MATCH = YES;
				"CODE_SIGN_IDENTITY[sdk=iphoneos*]" = "iPhone Developer";
				COPY_PHASE_STRIP = NO;
				DEBUG_INFORMATION_FORMAT = dwarf;
				ENABLE_STRICT_OBJC_MSGSEND = YES;
				ENABLE_TESTABILITY = YES;
				GCC_C_LANGUAGE_STANDARD = gnu99;
				GCC_DYNAMIC_NO_PIC = NO;
				GCC_NO_COMMON_BLOCKS = YES;
				GCC_OPTIMIZATION_LEVEL = 0;
				GCC_PREPROCESSOR_DEFINITIONS = (
					"DEBUG=1",
					"$(inherited)",
				);
				GCC_WARN_64_TO_32_BIT_CONVERSION = YES;
				GCC_WARN_ABOUT_RETURN_TYPE = YES_ERROR;
				GCC_WARN_UNDECLARED_SELECTOR = YES;
				GCC_WARN_UNINITIALIZED_AUTOS = YES_AGGRESSIVE;
				GCC_WARN_UNUSED_FUNCTION = YES;
				GCC_WARN_UNUSED_VARIABLE = YES;
				IPHONEOS_DEPLOYMENT_TARGET = 9.0;
				MTL_ENABLE_DEBUG_INFO = YES;
				ONLY_ACTIVE_ARCH = YES;
				SDKROOT = iphoneos;
				SWIFT_OPTIMIZATION_LEVEL = "-Onone";
			};
			name = Debug;
		};
		C78DEB231BF1A56B00D7685D /* Release */ = {
			isa = XCBuildConfiguration;
			buildSettings = {
				ALWAYS_SEARCH_USER_PATHS = NO;
				CLANG_CXX_LANGUAGE_STANDARD = "gnu++0x";
				CLANG_CXX_LIBRARY = "libc++";
				CLANG_ENABLE_MODULES = YES;
				CLANG_ENABLE_OBJC_ARC = YES;
				CLANG_WARN_BOOL_CONVERSION = YES;
				CLANG_WARN_CONSTANT_CONVERSION = YES;
				CLANG_WARN_DIRECT_OBJC_ISA_USAGE = YES_ERROR;
				CLANG_WARN_EMPTY_BODY = YES;
				CLANG_WARN_ENUM_CONVERSION = YES;
				CLANG_WARN_INT_CONVERSION = YES;
				CLANG_WARN_OBJC_ROOT_CLASS = YES_ERROR;
				CLANG_WARN_UNREACHABLE_CODE = YES;
				CLANG_WARN__DUPLICATE_METHOD_MATCH = YES;
				"CODE_SIGN_IDENTITY[sdk=iphoneos*]" = "iPhone Developer";
				COPY_PHASE_STRIP = NO;
				DEBUG_INFORMATION_FORMAT = "dwarf-with-dsym";
				ENABLE_NS_ASSERTIONS = NO;
				ENABLE_STRICT_OBJC_MSGSEND = YES;
				GCC_C_LANGUAGE_STANDARD = gnu99;
				GCC_NO_COMMON_BLOCKS = YES;
				GCC_WARN_64_TO_32_BIT_CONVERSION = YES;
				GCC_WARN_ABOUT_RETURN_TYPE = YES_ERROR;
				GCC_WARN_UNDECLARED_SELECTOR = YES;
				GCC_WARN_UNINITIALIZED_AUTOS = YES_AGGRESSIVE;
				GCC_WARN_UNUSED_FUNCTION = YES;
				GCC_WARN_UNUSED_VARIABLE = YES;
				IPHONEOS_DEPLOYMENT_TARGET = 9.0;
				MTL_ENABLE_DEBUG_INFO = NO;
				SDKROOT = iphoneos;
				VALIDATE_PRODUCT = YES;
			};
			name = Release;
		};
		C78DEB251BF1A56B00D7685D /* Debug */ = {
			isa = XCBuildConfiguration;
			buildSettings = {
				ASSETCATALOG_COMPILER_APPICON_NAME = AppIcon;
				INFOPLIST_FILE = "Balloon App/Info.plist";
				LD_RUNPATH_SEARCH_PATHS = "$(inherited) @executable_path/Frameworks";
				PRODUCT_BUNDLE_IDENTIFIER = "com.nerdinabriefcase.Balloon-App";
				PRODUCT_NAME = "$(TARGET_NAME)";
			};
			name = Debug;
		};
		C78DEB261BF1A56B00D7685D /* Release */ = {
			isa = XCBuildConfiguration;
			buildSettings = {
				ASSETCATALOG_COMPILER_APPICON_NAME = AppIcon;
				INFOPLIST_FILE = "Balloon App/Info.plist";
				LD_RUNPATH_SEARCH_PATHS = "$(inherited) @executable_path/Frameworks";
				PRODUCT_BUNDLE_IDENTIFIER = "com.nerdinabriefcase.Balloon-App";
				PRODUCT_NAME = "$(TARGET_NAME)";
			};
			name = Release;
		};
		C78DEB281BF1A56B00D7685D /* Debug */ = {
			isa = XCBuildConfiguration;
			buildSettings = {
				BUNDLE_LOADER = "$(TEST_HOST)";
				INFOPLIST_FILE = "Balloon AppTests/Info.plist";
				LD_RUNPATH_SEARCH_PATHS = "$(inherited) @executable_path/Frameworks @loader_path/Frameworks";
				PRODUCT_BUNDLE_IDENTIFIER = "com.nerdinabriefcase.Balloon-AppTests";
				PRODUCT_NAME = "$(TARGET_NAME)";
				TEST_HOST = "$(BUILT_PRODUCTS_DIR)/Balloon App.app/Balloon App";
			};
			name = Debug;
		};
		C78DEB291BF1A56B00D7685D /* Release */ = {
			isa = XCBuildConfiguration;
			buildSettings = {
				BUNDLE_LOADER = "$(TEST_HOST)";
				INFOPLIST_FILE = "Balloon AppTests/Info.plist";
				LD_RUNPATH_SEARCH_PATHS = "$(inherited) @executable_path/Frameworks @loader_path/Frameworks";
				PRODUCT_BUNDLE_IDENTIFIER = "com.nerdinabriefcase.Balloon-AppTests";
				PRODUCT_NAME = "$(TARGET_NAME)";
				TEST_HOST = "$(BUILT_PRODUCTS_DIR)/Balloon App.app/Balloon App";
			};
			name = Release;
		};
		C78DEB2B1BF1A56B00D7685D /* Debug */ = {
			isa = XCBuildConfiguration;
			buildSettings = {
				INFOPLIST_FILE = "Balloon AppUITests/Info.plist";
				LD_RUNPATH_SEARCH_PATHS = "$(inherited) @executable_path/Frameworks @loader_path/Frameworks";
				PRODUCT_BUNDLE_IDENTIFIER = "com.nerdinabriefcase.Balloon-AppUITests";
				PRODUCT_NAME = "$(TARGET_NAME)";
				TEST_TARGET_NAME = "Balloon App";
				USES_XCTRUNNER = YES;
			};
			name = Debug;
		};
		C78DEB2C1BF1A56B00D7685D /* Release */ = {
			isa = XCBuildConfiguration;
			buildSettings = {
				INFOPLIST_FILE = "Balloon AppUITests/Info.plist";
				LD_RUNPATH_SEARCH_PATHS = "$(inherited) @executable_path/Frameworks @loader_path/Frameworks";
				PRODUCT_BUNDLE_IDENTIFIER = "com.nerdinabriefcase.Balloon-AppUITests";
				PRODUCT_NAME = "$(TARGET_NAME)";
				TEST_TARGET_NAME = "Balloon App";
				USES_XCTRUNNER = YES;
			};
			name = Release;
		};
/* End XCBuildConfiguration section */

/* Begin XCConfigurationList section */
		C78DEAF71BF1A56A00D7685D /* Build configuration list for PBXProject "Balloon App" */ = {
			isa = XCConfigurationList;
			buildConfigurations = (
				C78DEB221BF1A56B00D7685D /* Debug */,
				C78DEB231BF1A56B00D7685D /* Release */,
			);
			defaultConfigurationIsVisible = 0;
			defaultConfigurationName = Release;
		};
		C78DEB241BF1A56B00D7685D /* Build configuration list for PBXNativeTarget "Balloon App" */ = {
			isa = XCConfigurationList;
			buildConfigurations = (
				C78DEB251BF1A56B00D7685D /* Debug */,
				C78DEB261BF1A56B00D7685D /* Release */,
			);
			defaultConfigurationIsVisible = 0;
		};
		C78DEB271BF1A56B00D7685D /* Build configuration list for PBXNativeTarget "Balloon AppTests" */ = {
			isa = XCConfigurationList;
			buildConfigurations = (
				C78DEB281BF1A56B00D7685D /* Debug */,
				C78DEB291BF1A56B00D7685D /* Release */,
			);
			defaultConfigurationIsVisible = 0;
		};
		C78DEB2A1BF1A56B00D7685D /* Build configuration list for PBXNativeTarget "Balloon AppUITests" */ = {
			isa = XCConfigurationList;
			buildConfigurations = (
				C78DEB2B1BF1A56B00D7685D /* Debug */,
				C78DEB2C1BF1A56B00D7685D /* Release */,
			);
			defaultConfigurationIsVisible = 0;
		};
/* End XCConfigurationList section */
	};
	rootObject = C78DEAF41BF1A56A00D7685D /* Project object */;
}
